
Microsoft Visual Studio Solution File, Format Version 12.00
# Visual Studio Version 17
VisualStudioVersion = 17.14.36301.6 d17.14
MinimumVisualStudioVersion = 10.0.40219.1
Project("{FAE04EC0-301F-11D3-BF4B-00C04F79EFBC}") = "E-commerce_App", "E-commerce_App.csproj", "{9A2CC85B-AACC-4590-B094-403E53AD0493}"
EndProject
Global
	GlobalSection(SolutionConfigurationPlatforms) = preSolution
		Debug|Any CPU = Debug|Any CPU
		Release|Any CPU = Release|Any CPU
	EndGlobalSection
	GlobalSection(ProjectConfigurationPlatforms) = postSolution
		{9A2CC85B-AACC-4590-B094-403E53AD0493}.Debug|Any CPU.ActiveCfg = Debug|Any CPU
		{9A2CC85B-AACC-4590-B094-403E53AD0493}.Debug|Any CPU.Build.0 = Debug|Any CPU
		{9A2CC85B-AACC-4590-B094-403E53AD0493}.Release|Any CPU.ActiveCfg = Release|Any CPU
		{9A2CC85B-AACC-4590-B094-403E53AD0493}.Release|Any CPU.Build.0 = Release|Any CPU
	EndGlobalSection
	GlobalSection(SolutionProperties) = preSolution
		HideSolutionNode = FALSE
	EndGlobalSection
	GlobalSection(ExtensibilityGlobals) = postSolution
		SolutionGuid = {DF08546B-0056-443F-9156-4E48D6CF6B6A}
	EndGlobalSection
EndGlobal
